
Microsoft Visual Studio Solution File, Format Version 12.00
# Visual Studio Version 17
VisualStudioVersion = 17.13.35913.81 d17.13
MinimumVisualStudioVersion = 10.0.40219.1
Project("{FAE04EC0-301F-11D3-BF4B-00C04F79EFBC}") = "WebAPI", "WebAPI\WebAPI.csproj", "{4DC7F211-2AA4-4D6A-BBDF-EDFC46022246}"
EndProject
Project("{FAE04EC0-301F-11D3-BF4B-00C04F79EFBC}") = "BusinessObjects", "BusinessObjects\BusinessObjects.csproj", "{D379E509-A129-4D9A-8162-94C9DB0D33E7}"
EndProject
Project("{FAE04EC0-301F-11D3-BF4B-00C04F79EFBC}") = "DataAccessObjects", "DataAccessObjects\DataAccessObjects.csproj", "{1F6453EF-EA2F-43DE-AB0D-BAF20E1E8757}"
EndProject
Project("{FAE04EC0-301F-11D3-BF4B-00C04F79EFBC}") = "Repositories", "Repositories\Repositories.csproj", "{40BCBB9F-49D8-4222-9A90-950EF88849CE}"
EndProject
Project("{FAE04EC0-301F-11D3-BF4B-00C04F79EFBC}") = "Services", "Services\Services.csproj", "{68C057D8-25E9-4735-842C-30FF0AB19701}"
EndProject
Global
	GlobalSection(SolutionConfigurationPlatforms) = preSolution
		Debug|Any CPU = Debug|Any CPU
		Release|Any CPU = Release|Any CPU
	EndGlobalSection
	GlobalSection(ProjectConfigurationPlatforms) = postSolution
		{4DC7F211-2AA4-4D6A-BBDF-EDFC46022246}.Debug|Any CPU.ActiveCfg = Debug|Any CPU
		{4DC7F211-2AA4-4D6A-BBDF-EDFC46022246}.Debug|Any CPU.Build.0 = Debug|Any CPU
		{4DC7F211-2AA4-4D6A-BBDF-EDFC46022246}.Release|Any CPU.ActiveCfg = Release|Any CPU
		{4DC7F211-2AA4-4D6A-BBDF-EDFC46022246}.Release|Any CPU.Build.0 = Release|Any CPU
		{D379E509-A129-4D9A-8162-94C9DB0D33E7}.Debug|Any CPU.ActiveCfg = Debug|Any CPU
		{D379E509-A129-4D9A-8162-94C9DB0D33E7}.Debug|Any CPU.Build.0 = Debug|Any CPU
		{D379E509-A129-4D9A-8162-94C9DB0D33E7}.Release|Any CPU.ActiveCfg = Release|Any CPU
		{D379E509-A129-4D9A-8162-94C9DB0D33E7}.Release|Any CPU.Build.0 = Release|Any CPU
		{1F6453EF-EA2F-43DE-AB0D-BAF20E1E8757}.Debug|Any CPU.ActiveCfg = Debug|Any CPU
		{1F6453EF-EA2F-43DE-AB0D-BAF20E1E8757}.Debug|Any CPU.Build.0 = Debug|Any CPU
		{1F6453EF-EA2F-43DE-AB0D-BAF20E1E8757}.Release|Any CPU.ActiveCfg = Release|Any CPU
		{1F6453EF-EA2F-43DE-AB0D-BAF20E1E8757}.Release|Any CPU.Build.0 = Release|Any CPU
		{40BCBB9F-49D8-4222-9A90-950EF88849CE}.Debug|Any CPU.ActiveCfg = Debug|Any CPU
		{40BCBB9F-49D8-4222-9A90-950EF88849CE}.Debug|Any CPU.Build.0 = Debug|Any CPU
		{40BCBB9F-49D8-4222-9A90-950EF88849CE}.Release|Any CPU.ActiveCfg = Release|Any CPU
		{40BCBB9F-49D8-4222-9A90-950EF88849CE}.Release|Any CPU.Build.0 = Release|Any CPU
		{68C057D8-25E9-4735-842C-30FF0AB19701}.Debug|Any CPU.ActiveCfg = Debug|Any CPU
		{68C057D8-25E9-4735-842C-30FF0AB19701}.Debug|Any CPU.Build.0 = Debug|Any CPU
		{68C057D8-25E9-4735-842C-30FF0AB19701}.Release|Any CPU.ActiveCfg = Release|Any CPU
		{68C057D8-25E9-4735-842C-30FF0AB19701}.Release|Any CPU.Build.0 = Release|Any CPU
	EndGlobalSection
	GlobalSection(SolutionProperties) = preSolution
		HideSolutionNode = FALSE
	EndGlobalSection
	GlobalSection(ExtensibilityGlobals) = postSolution
		SolutionGuid = {7874C13C-0734-4978-9838-451FBA02B2A5}
	EndGlobalSection
EndGlobal
